
Microsoft Visual Studio Solution File, Format Version 12.00
# Visual Studio Version 17
VisualStudioVersion = 17.2.32630.192
MinimumVisualStudioVersion = 10.0.40219.1
Project("{FAE04EC0-301F-11D3-BF4B-00C04F79EFBC}") = "Bingo_Senai", "Bingo_Senai\Bingo_Senai.csproj", "{4FA0AAD1-996D-470D-BF4D-7C4FD4D2C1CB}"
EndProject
Global
	GlobalSection(SolutionConfigurationPlatforms) = preSolution
		Debug|Any CPU = Debug|Any CPU
		Release|Any CPU = Release|Any CPU
	EndGlobalSection
	GlobalSection(ProjectConfigurationPlatforms) = postSolution
		{4FA0AAD1-996D-470D-BF4D-7C4FD4D2C1CB}.Debug|Any CPU.ActiveCfg = Debug|Any CPU
		{4FA0AAD1-996D-470D-BF4D-7C4FD4D2C1CB}.Debug|Any CPU.Build.0 = Debug|Any CPU
		{4FA0AAD1-996D-470D-BF4D-7C4FD4D2C1CB}.Release|Any CPU.ActiveCfg = Release|Any CPU
		{4FA0AAD1-996D-470D-BF4D-7C4FD4D2C1CB}.Release|Any CPU.Build.0 = Release|Any CPU
	EndGlobalSection
	GlobalSection(SolutionProperties) = preSolution
		HideSolutionNode = FALSE
	EndGlobalSection
	GlobalSection(ExtensibilityGlobals) = postSolution
		SolutionGuid = {847A071B-8D8E-4474-8CF7-BA2614CAA35D}
	EndGlobalSection
EndGlobal
