
Microsoft Visual Studio Solution File, Format Version 12.00
# Visual Studio Version 17
VisualStudioVersion = 17.2.32630.192
MinimumVisualStudioVersion = 10.0.40219.1
Project("{FAE04EC0-301F-11D3-BF4B-00C04F79EFBC}") = "Estrutura_controle_senai", "Estrutura_controle_senai\Estrutura_controle_senai.csproj", "{C7072793-B9CB-4697-B089-4CFBBF5AAB1F}"
EndProject
Global
	GlobalSection(SolutionConfigurationPlatforms) = preSolution
		Debug|Any CPU = Debug|Any CPU
		Release|Any CPU = Release|Any CPU
	EndGlobalSection
	GlobalSection(ProjectConfigurationPlatforms) = postSolution
		{C7072793-B9CB-4697-B089-4CFBBF5AAB1F}.Debug|Any CPU.ActiveCfg = Debug|Any CPU
		{C7072793-B9CB-4697-B089-4CFBBF5AAB1F}.Debug|Any CPU.Build.0 = Debug|Any CPU
		{C7072793-B9CB-4697-B089-4CFBBF5AAB1F}.Release|Any CPU.ActiveCfg = Release|Any CPU
		{C7072793-B9CB-4697-B089-4CFBBF5AAB1F}.Release|Any CPU.Build.0 = Release|Any CPU
	EndGlobalSection
	GlobalSection(SolutionProperties) = preSolution
		HideSolutionNode = FALSE
	EndGlobalSection
	GlobalSection(ExtensibilityGlobals) = postSolution
		SolutionGuid = {D261C329-C2F8-481F-B9CB-31BBB20F90C9}
	EndGlobalSection
EndGlobal
